
Microsoft Visual Studio Solution File, Format Version 12.00
# Visual Studio Version 17
VisualStudioVersion = 17.9.34902.65
MinimumVisualStudioVersion = 10.0.40219.1
Project("{FAE04EC0-301F-11D3-BF4B-00C04F79EFBC}") = "Fiap-Aula6-AutenticacaoAutorizacao", "Fiap-Aula6-AutenticacaoAutorizacao\Fiap-Aula6-AutenticacaoAutorizacao.csproj", "{219CB3A9-B1E1-4288-90FA-804132A235A6}"
EndProject
Global
	GlobalSection(SolutionConfigurationPlatforms) = preSolution
		Debug|Any CPU = Debug|Any CPU
		Release|Any CPU = Release|Any CPU
	EndGlobalSection
	GlobalSection(ProjectConfigurationPlatforms) = postSolution
		{219CB3A9-B1E1-4288-90FA-804132A235A6}.Debug|Any CPU.ActiveCfg = Debug|Any CPU
		{219CB3A9-B1E1-4288-90FA-804132A235A6}.Debug|Any CPU.Build.0 = Debug|Any CPU
		{219CB3A9-B1E1-4288-90FA-804132A235A6}.Release|Any CPU.ActiveCfg = Release|Any CPU
		{219CB3A9-B1E1-4288-90FA-804132A235A6}.Release|Any CPU.Build.0 = Release|Any CPU
	EndGlobalSection
	GlobalSection(SolutionProperties) = preSolution
		HideSolutionNode = FALSE
	EndGlobalSection
	GlobalSection(ExtensibilityGlobals) = postSolution
		SolutionGuid = {7391D2A9-7DB2-4D29-BFD6-35B7A2FAEA31}
	EndGlobalSection
EndGlobal
